// !$*UTF8*$!
{
	archiveVersion = 1;
	classes = {
	};
	objectVersion = 55;
	objects = {

/* Begin PBXBuildFile section */
		F709A2EF28491ADE007949EB /* AppDelegate.swift in Sources */ = {isa = PBXBuildFile; fileRef = F709A2EE28491ADE007949EB /* AppDelegate.swift */; };
		F709A2F128491ADE007949EB /* SceneDelegate.swift in Sources */ = {isa = PBXBuildFile; fileRef = F709A2F028491ADE007949EB /* SceneDelegate.swift */; };
		F709A2F828491AE1007949EB /* Assets.xcassets in Resources */ = {isa = PBXBuildFile; fileRef = F709A2F728491AE1007949EB /* Assets.xcassets */; };
		F709A30628491AE1007949EB /* instagramTests.swift in Sources */ = {isa = PBXBuildFile; fileRef = F709A30528491AE1007949EB /* instagramTests.swift */; };
		F709A31028491AE1007949EB /* instagramUITests.swift in Sources */ = {isa = PBXBuildFile; fileRef = F709A30F28491AE1007949EB /* instagramUITests.swift */; };
		F709A31228491AE1007949EB /* instagramUITestsLaunchTests.swift in Sources */ = {isa = PBXBuildFile; fileRef = F709A31128491AE1007949EB /* instagramUITestsLaunchTests.swift */; };
		F7161CB1286896FA00E010BE /* LoginController.swift in Sources */ = {isa = PBXBuildFile; fileRef = F7161CB0286896FA00E010BE /* LoginController.swift */; };
		F7161CB32868972400E010BE /* RegistrationController.swift in Sources */ = {isa = PBXBuildFile; fileRef = F7161CB22868972400E010BE /* RegistrationController.swift */; };
		F7161CB52868A80300E010BE /* CustomTextField.swift in Sources */ = {isa = PBXBuildFile; fileRef = F7161CB42868A80300E010BE /* CustomTextField.swift */; };
		F7161CB72868B8B800E010BE /* Extensions.swift in Sources */ = {isa = PBXBuildFile; fileRef = F7161CB62868B8B800E010BE /* Extensions.swift */; };
		F7161CB92868BFD700E010BE /* AuthenticationButton.swift in Sources */ = {isa = PBXBuildFile; fileRef = F7161CB82868BFD700E010BE /* AuthenticationButton.swift */; };
		F7161CDB2868DFFC00E010BE /* UseCase.swift in Sources */ = {isa = PBXBuildFile; fileRef = F7161CDA2868DFFC00E010BE /* UseCase.swift */; };
		F7161CDE2868ED8000E010BE /* Response.swift in Sources */ = {isa = PBXBuildFile; fileRef = F7161CDD2868ED8000E010BE /* Response.swift */; };
		F7161CE02868EE1600E010BE /* Exception.swift in Sources */ = {isa = PBXBuildFile; fileRef = F7161CDF2868EE1600E010BE /* Exception.swift */; };
		F7161CE32868EFA900E010BE /* Alamofire in Frameworks */ = {isa = PBXBuildFile; productRef = F7161CE22868EFA900E010BE /* Alamofire */; };
		F7161CE72868F4A400E010BE /* LoginViewModel.swift in Sources */ = {isa = PBXBuildFile; fileRef = F7161CE62868F4A400E010BE /* LoginViewModel.swift */; };
		F7161CEC2868FACC00E010BE /* BaseViewModel.swift in Sources */ = {isa = PBXBuildFile; fileRef = F7161CEB2868FACC00E010BE /* BaseViewModel.swift */; };
		F7161CEE2868FB0300E010BE /* BaseViewController.swift in Sources */ = {isa = PBXBuildFile; fileRef = F7161CED2868FB0300E010BE /* BaseViewController.swift */; };
		F7161CF2286901E500E010BE /* DoNothingUseCase.swift in Sources */ = {isa = PBXBuildFile; fileRef = F7161CF1286901E500E010BE /* DoNothingUseCase.swift */; };
		F7161CF42869127C00E010BE /* Constants.swift in Sources */ = {isa = PBXBuildFile; fileRef = F7161CF32869127C00E010BE /* Constants.swift */; };
		F7161CF62869137D00E010BE /* EmailValidation.swift in Sources */ = {isa = PBXBuildFile; fileRef = F7161CF52869137D00E010BE /* EmailValidation.swift */; };
		F7161CF82869167D00E010BE /* PasswordValidation.swift in Sources */ = {isa = PBXBuildFile; fileRef = F7161CF72869167D00E010BE /* PasswordValidation.swift */; };
		F76344AF284E998000489697 /* FeedCell.swift in Sources */ = {isa = PBXBuildFile; fileRef = F76344AE284E998000489697 /* FeedCell.swift */; };
		F76753F2284A8AD30040CB2C /* MainTabController.swift in Sources */ = {isa = PBXBuildFile; fileRef = F76753F1284A8AD30040CB2C /* MainTabController.swift */; };
		F7C7F09F284E70CF0048A0BA /* FeedController.swift in Sources */ = {isa = PBXBuildFile; fileRef = F7C7F09E284E70CF0048A0BA /* FeedController.swift */; };
		F7C7F0A1284E70E00048A0BA /* SearchController.swift in Sources */ = {isa = PBXBuildFile; fileRef = F7C7F0A0284E70E00048A0BA /* SearchController.swift */; };
		F7C7F0A3284E710C0048A0BA /* ImageSelectorController.swift in Sources */ = {isa = PBXBuildFile; fileRef = F7C7F0A2284E710C0048A0BA /* ImageSelectorController.swift */; };
		F7C7F0A5284E71280048A0BA /* NotificationController.swift in Sources */ = {isa = PBXBuildFile; fileRef = F7C7F0A4284E71280048A0BA /* NotificationController.swift */; };
		F7C7F0A7284E71360048A0BA /* ProfileController.swift in Sources */ = {isa = PBXBuildFile; fileRef = F7C7F0A6284E71360048A0BA /* ProfileController.swift */; };
/* End PBXBuildFile section */

/* Begin PBXContainerItemProxy section */
		F709A30228491AE1007949EB /* PBXContainerItemProxy */ = {
			isa = PBXContainerItemProxy;
			containerPortal = F709A2E328491ADE007949EB /* Project object */;
			proxyType = 1;
			remoteGlobalIDString = F709A2EA28491ADE007949EB;
			remoteInfo = instagram;
		};
		F709A30C28491AE1007949EB /* PBXContainerItemProxy */ = {
			isa = PBXContainerItemProxy;
			containerPortal = F709A2E328491ADE007949EB /* Project object */;
			proxyType = 1;
			remoteGlobalIDString = F709A2EA28491ADE007949EB;
			remoteInfo = instagram;
		};
/* End PBXContainerItemProxy section */

/* Begin PBXFileReference section */
		F709A2EB28491ADE007949EB /* instagram.app */ = {isa = PBXFileReference; explicitFileType = wrapper.application; includeInIndex = 0; path = instagram.app; sourceTree = BUILT_PRODUCTS_DIR; };
		F709A2EE28491ADE007949EB /* AppDelegate.swift */ = {isa = PBXFileReference; lastKnownFileType = sourcecode.swift; path = AppDelegate.swift; sourceTree = "<group>"; };
		F709A2F028491ADE007949EB /* SceneDelegate.swift */ = {isa = PBXFileReference; lastKnownFileType = sourcecode.swift; path = SceneDelegate.swift; sourceTree = "<group>"; };
		F709A2F728491AE1007949EB /* Assets.xcassets */ = {isa = PBXFileReference; lastKnownFileType = folder.assetcatalog; path = Assets.xcassets; sourceTree = "<group>"; };
		F709A2FC28491AE1007949EB /* Info.plist */ = {isa = PBXFileReference; lastKnownFileType = text.plist.xml; path = Info.plist; sourceTree = "<group>"; };
		F709A30128491AE1007949EB /* instagramTests.xctest */ = {isa = PBXFileReference; explicitFileType = wrapper.cfbundle; includeInIndex = 0; path = instagramTests.xctest; sourceTree = BUILT_PRODUCTS_DIR; };
		F709A30528491AE1007949EB /* instagramTests.swift */ = {isa = PBXFileReference; lastKnownFileType = sourcecode.swift; path = instagramTests.swift; sourceTree = "<group>"; };
		F709A30B28491AE1007949EB /* instagramUITests.xctest */ = {isa = PBXFileReference; explicitFileType = wrapper.cfbundle; includeInIndex = 0; path = instagramUITests.xctest; sourceTree = BUILT_PRODUCTS_DIR; };
		F709A30F28491AE1007949EB /* instagramUITests.swift */ = {isa = PBXFileReference; lastKnownFileType = sourcecode.swift; path = instagramUITests.swift; sourceTree = "<group>"; };
		F709A31128491AE1007949EB /* instagramUITestsLaunchTests.swift */ = {isa = PBXFileReference; lastKnownFileType = sourcecode.swift; path = instagramUITestsLaunchTests.swift; sourceTree = "<group>"; };
		F7161CB0286896FA00E010BE /* LoginController.swift */ = {isa = PBXFileReference; lastKnownFileType = sourcecode.swift; path = LoginController.swift; sourceTree = "<group>"; };
		F7161CB22868972400E010BE /* RegistrationController.swift */ = {isa = PBXFileReference; lastKnownFileType = sourcecode.swift; path = RegistrationController.swift; sourceTree = "<group>"; };
		F7161CB42868A80300E010BE /* CustomTextField.swift */ = {isa = PBXFileReference; lastKnownFileType = sourcecode.swift; path = CustomTextField.swift; sourceTree = "<group>"; };
		F7161CB62868B8B800E010BE /* Extensions.swift */ = {isa = PBXFileReference; fileEncoding = 4; lastKnownFileType = sourcecode.swift; path = Extensions.swift; sourceTree = "<group>"; };
		F7161CB82868BFD700E010BE /* AuthenticationButton.swift */ = {isa = PBXFileReference; lastKnownFileType = sourcecode.swift; path = AuthenticationButton.swift; sourceTree = "<group>"; };
		F7161CDA2868DFFC00E010BE /* UseCase.swift */ = {isa = PBXFileReference; lastKnownFileType = sourcecode.swift; path = UseCase.swift; sourceTree = "<group>"; };
		F7161CDD2868ED8000E010BE /* Response.swift */ = {isa = PBXFileReference; lastKnownFileType = sourcecode.swift; path = Response.swift; sourceTree = "<group>"; };
		F7161CDF2868EE1600E010BE /* Exception.swift */ = {isa = PBXFileReference; lastKnownFileType = sourcecode.swift; path = Exception.swift; sourceTree = "<group>"; };
		F7161CE62868F4A400E010BE /* LoginViewModel.swift */ = {isa = PBXFileReference; lastKnownFileType = sourcecode.swift; path = LoginViewModel.swift; sourceTree = "<group>"; };
		F7161CEB2868FACC00E010BE /* BaseViewModel.swift */ = {isa = PBXFileReference; lastKnownFileType = sourcecode.swift; path = BaseViewModel.swift; sourceTree = "<group>"; };
		F7161CED2868FB0300E010BE /* BaseViewController.swift */ = {isa = PBXFileReference; lastKnownFileType = sourcecode.swift; path = BaseViewController.swift; sourceTree = "<group>"; };
		F7161CF1286901E500E010BE /* DoNothingUseCase.swift */ = {isa = PBXFileReference; lastKnownFileType = sourcecode.swift; path = DoNothingUseCase.swift; sourceTree = "<group>"; };
		F7161CF32869127C00E010BE /* Constants.swift */ = {isa = PBXFileReference; lastKnownFileType = sourcecode.swift; path = Constants.swift; sourceTree = "<group>"; };
		F7161CF52869137D00E010BE /* EmailValidation.swift */ = {isa = PBXFileReference; lastKnownFileType = sourcecode.swift; path = EmailValidation.swift; sourceTree = "<group>"; };
		F7161CF72869167D00E010BE /* PasswordValidation.swift */ = {isa = PBXFileReference; lastKnownFileType = sourcecode.swift; path = PasswordValidation.swift; sourceTree = "<group>"; };
		F76344AE284E998000489697 /* FeedCell.swift */ = {isa = PBXFileReference; lastKnownFileType = sourcecode.swift; path = FeedCell.swift; sourceTree = "<group>"; };
		F76753F1284A8AD30040CB2C /* MainTabController.swift */ = {isa = PBXFileReference; lastKnownFileType = sourcecode.swift; path = MainTabController.swift; sourceTree = "<group>"; };
		F7C7F09E284E70CF0048A0BA /* FeedController.swift */ = {isa = PBXFileReference; lastKnownFileType = sourcecode.swift; path = FeedController.swift; sourceTree = "<group>"; };
		F7C7F0A0284E70E00048A0BA /* SearchController.swift */ = {isa = PBXFileReference; lastKnownFileType = sourcecode.swift; path = SearchController.swift; sourceTree = "<group>"; };
		F7C7F0A2284E710C0048A0BA /* ImageSelectorController.swift */ = {isa = PBXFileReference; lastKnownFileType = sourcecode.swift; path = ImageSelectorController.swift; sourceTree = "<group>"; };
		F7C7F0A4284E71280048A0BA /* NotificationController.swift */ = {isa = PBXFileReference; lastKnownFileType = sourcecode.swift; path = NotificationController.swift; sourceTree = "<group>"; };
		F7C7F0A6284E71360048A0BA /* ProfileController.swift */ = {isa = PBXFileReference; lastKnownFileType = sourcecode.swift; path = ProfileController.swift; sourceTree = "<group>"; };
/* End PBXFileReference section */

/* Begin PBXFrameworksBuildPhase section */
		F709A2E828491ADE007949EB /* Frameworks */ = {
			isa = PBXFrameworksBuildPhase;
			buildActionMask = 2147483647;
			files = (
				F7161CE32868EFA900E010BE /* Alamofire in Frameworks */,
			);
			runOnlyForDeploymentPostprocessing = 0;
		};
		F709A2FE28491AE1007949EB /* Frameworks */ = {
			isa = PBXFrameworksBuildPhase;
			buildActionMask = 2147483647;
			files = (
			);
			runOnlyForDeploymentPostprocessing = 0;
		};
		F709A30828491AE1007949EB /* Frameworks */ = {
			isa = PBXFrameworksBuildPhase;
			buildActionMask = 2147483647;
			files = (
			);
			runOnlyForDeploymentPostprocessing = 0;
		};
/* End PBXFrameworksBuildPhase section */

/* Begin PBXGroup section */
		F709A2E228491ADE007949EB = {
			isa = PBXGroup;
			children = (
				F709A2ED28491ADE007949EB /* instagram */,
				F709A30428491AE1007949EB /* instagramTests */,
				F709A30E28491AE1007949EB /* instagramUITests */,
				F709A2EC28491ADE007949EB /* Products */,
			);
			sourceTree = "<group>";
		};
		F709A2EC28491ADE007949EB /* Products */ = {
			isa = PBXGroup;
			children = (
				F709A2EB28491ADE007949EB /* instagram.app */,
				F709A30128491AE1007949EB /* instagramTests.xctest */,
				F709A30B28491AE1007949EB /* instagramUITests.xctest */,
			);
			name = Products;
			sourceTree = "<group>";
		};
		F709A2ED28491ADE007949EB /* instagram */ = {
			isa = PBXGroup;
			children = (
				F7161CE92868F70C00E010BE /* Resources */,
				F7161CE82868F63B00E010BE /* Application */,
				F7161CD72868DE6D00E010BE /* Util */,
				F7161CD62868DD2600E010BE /* Data */,
				F7161CD52868DD1D00E010BE /* Domain */,
				F7161CBB2868D46100E010BE /* Presentation */,
				F7161CBA2868D45400E010BE /* UI */,
			);
			path = instagram;
			sourceTree = "<group>";
		};
		F709A30428491AE1007949EB /* instagramTests */ = {
			isa = PBXGroup;
			children = (
				F709A30528491AE1007949EB /* instagramTests.swift */,
			);
			path = instagramTests;
			sourceTree = "<group>";
		};
		F709A30E28491AE1007949EB /* instagramUITests */ = {
			isa = PBXGroup;
			children = (
				F709A30F28491AE1007949EB /* instagramUITests.swift */,
				F709A31128491AE1007949EB /* instagramUITestsLaunchTests.swift */,
			);
			path = instagramUITests;
			sourceTree = "<group>";
		};
		F709A31E284927F0007949EB /* Utils */ = {
			isa = PBXGroup;
			children = (
			);
			path = Utils;
			sourceTree = "<group>";
		};
		F7161CBA2868D45400E010BE /* UI */ = {
			isa = PBXGroup;
			children = (
				F709A31E284927F0007949EB /* Utils */,
				F7161CD22868D81E00E010BE /* Registration */,
				F7161CCF2868D7FC00E010BE /* Login */,
				F7161CCC2868D7BE00E010BE /* Profile */,
				F7161CC92868D79700E010BE /* Notification */,
				F7161CC62868D76C00E010BE /* ImageSelector */,
				F7161CC32868D74F00E010BE /* Search */,
				F7161CC02868D72500E010BE /* Feed */,
				F7161CBD2868D6A800E010BE /* MainTab */,
			);
			path = UI;
			sourceTree = "<group>";
		};
		F7161CBB2868D46100E010BE /* Presentation */ = {
			isa = PBXGroup;
			children = (
				F7161CE42868F48100E010BE /* Login */,
			);
			path = Presentation;
			sourceTree = "<group>";
		};
		F7161CBD2868D6A800E010BE /* MainTab */ = {
			isa = PBXGroup;
			children = (
				F7161CBF2868D70A00E010BE /* Components */,
				F7161CBE2868D6FC00E010BE /* Screen */,
			);
			path = MainTab;
			sourceTree = "<group>";
		};
		F7161CBE2868D6FC00E010BE /* Screen */ = {
			isa = PBXGroup;
			children = (
				F76753F1284A8AD30040CB2C /* MainTabController.swift */,
			);
			path = Screen;
			sourceTree = "<group>";
		};
		F7161CBF2868D70A00E010BE /* Components */ = {
			isa = PBXGroup;
			children = (
			);
			path = Components;
			sourceTree = "<group>";
		};
		F7161CC02868D72500E010BE /* Feed */ = {
			isa = PBXGroup;
			children = (
				F7161CC22868D73900E010BE /* Components */,
				F7161CC12868D73100E010BE /* Screen */,
			);
			path = Feed;
			sourceTree = "<group>";
		};
		F7161CC12868D73100E010BE /* Screen */ = {
			isa = PBXGroup;
			children = (
				F7C7F09E284E70CF0048A0BA /* FeedController.swift */,
			);
			path = Screen;
			sourceTree = "<group>";
		};
		F7161CC22868D73900E010BE /* Components */ = {
			isa = PBXGroup;
			children = (
				F76344AE284E998000489697 /* FeedCell.swift */,
			);
			path = Components;
			sourceTree = "<group>";
		};
		F7161CC32868D74F00E010BE /* Search */ = {
			isa = PBXGroup;
			children = (
				F7161CC52868D75C00E010BE /* Components */,
				F7161CC42868D75600E010BE /* Screen */,
			);
			path = Search;
			sourceTree = "<group>";
		};
		F7161CC42868D75600E010BE /* Screen */ = {
			isa = PBXGroup;
			children = (
				F7C7F0A0284E70E00048A0BA /* SearchController.swift */,
			);
			path = Screen;
			sourceTree = "<group>";
		};
		F7161CC52868D75C00E010BE /* Components */ = {
			isa = PBXGroup;
			children = (
			);
			path = Components;
			sourceTree = "<group>";
		};
		F7161CC62868D76C00E010BE /* ImageSelector */ = {
			isa = PBXGroup;
			children = (
				F7161CC82868D77B00E010BE /* Components */,
				F7161CC72868D77500E010BE /* Screen */,
			);
			path = ImageSelector;
			sourceTree = "<group>";
		};
		F7161CC72868D77500E010BE /* Screen */ = {
			isa = PBXGroup;
			children = (
				F7C7F0A2284E710C0048A0BA /* ImageSelectorController.swift */,
			);
			path = Screen;
			sourceTree = "<group>";
		};
		F7161CC82868D77B00E010BE /* Components */ = {
			isa = PBXGroup;
			children = (
			);
			path = Components;
			sourceTree = "<group>";
		};
		F7161CC92868D79700E010BE /* Notification */ = {
			isa = PBXGroup;
			children = (
				F7161CCB2868D7A600E010BE /* Components */,
				F7161CCA2868D7A100E010BE /* Screen */,
			);
			path = Notification;
			sourceTree = "<group>";
		};
		F7161CCA2868D7A100E010BE /* Screen */ = {
			isa = PBXGroup;
			children = (
				F7C7F0A4284E71280048A0BA /* NotificationController.swift */,
			);
			path = Screen;
			sourceTree = "<group>";
		};
		F7161CCB2868D7A600E010BE /* Components */ = {
			isa = PBXGroup;
			children = (
			);
			path = Components;
			sourceTree = "<group>";
		};
		F7161CCC2868D7BE00E010BE /* Profile */ = {
			isa = PBXGroup;
			children = (
				F7161CCE2868D7D000E010BE /* Components */,
				F7161CCD2868D7CA00E010BE /* Screen */,
			);
			path = Profile;
			sourceTree = "<group>";
		};
		F7161CCD2868D7CA00E010BE /* Screen */ = {
			isa = PBXGroup;
			children = (
				F7C7F0A6284E71360048A0BA /* ProfileController.swift */,
			);
			path = Screen;
			sourceTree = "<group>";
		};
		F7161CCE2868D7D000E010BE /* Components */ = {
			isa = PBXGroup;
			children = (
			);
			path = Components;
			sourceTree = "<group>";
		};
		F7161CCF2868D7FC00E010BE /* Login */ = {
			isa = PBXGroup;
			children = (
				F7161CD12868D80C00E010BE /* Components */,
				F7161CD02868D80300E010BE /* Screen */,
			);
			path = Login;
			sourceTree = "<group>";
		};
		F7161CD02868D80300E010BE /* Screen */ = {
			isa = PBXGroup;
			children = (
				F7161CB0286896FA00E010BE /* LoginController.swift */,
			);
			path = Screen;
			sourceTree = "<group>";
		};
		F7161CD12868D80C00E010BE /* Components */ = {
			isa = PBXGroup;
			children = (
			);
			path = Components;
			sourceTree = "<group>";
		};
		F7161CD22868D81E00E010BE /* Registration */ = {
			isa = PBXGroup;
			children = (
				F7161CD42868D82D00E010BE /* Components */,
				F7161CD32868D82700E010BE /* Screen */,
			);
			path = Registration;
			sourceTree = "<group>";
		};
		F7161CD32868D82700E010BE /* Screen */ = {
			isa = PBXGroup;
			children = (
				F7161CB22868972400E010BE /* RegistrationController.swift */,
			);
			path = Screen;
			sourceTree = "<group>";
		};
		F7161CD42868D82D00E010BE /* Components */ = {
			isa = PBXGroup;
			children = (
			);
			path = Components;
			sourceTree = "<group>";
		};
		F7161CD52868DD1D00E010BE /* Domain */ = {
			isa = PBXGroup;
			children = (
				F7161CD92868DFE600E010BE /* Protocol */,
				F7161CF1286901E500E010BE /* DoNothingUseCase.swift */,
			);
			path = Domain;
			sourceTree = "<group>";
		};
		F7161CD62868DD2600E010BE /* Data */ = {
			isa = PBXGroup;
			children = (
			);
			path = Data;
			sourceTree = "<group>";
		};
		F7161CD72868DE6D00E010BE /* Util */ = {
			isa = PBXGroup;
			children = (
				F7161CEA2868FAB600E010BE /* Presentation */,
				F7161CDC2868ED6A00E010BE /* Domain */,
				F7161CD82868DE7C00E010BE /* UI */,
			);
			path = Util;
			sourceTree = "<group>";
		};
		F7161CD82868DE7C00E010BE /* UI */ = {
			isa = PBXGroup;
			children = (
				F7161CF02868FBD900E010BE /* Components */,
				F7161CEF2868FBA500E010BE /* Extensions */,
				F7161CED2868FB0300E010BE /* BaseViewController.swift */,
			);
			path = UI;
			sourceTree = "<group>";
		};
		F7161CD92868DFE600E010BE /* Protocol */ = {
			isa = PBXGroup;
			children = (
				F7161CDA2868DFFC00E010BE /* UseCase.swift */,
			);
			path = Protocol;
			sourceTree = "<group>";
		};
		F7161CDC2868ED6A00E010BE /* Domain */ = {
			isa = PBXGroup;
			children = (
				F7161CDD2868ED8000E010BE /* Response.swift */,
				F7161CDF2868EE1600E010BE /* Exception.swift */,
			);
			path = Domain;
			sourceTree = "<group>";
		};
		F7161CE42868F48100E010BE /* Login */ = {
			isa = PBXGroup;
			children = (
				F7161CF92869213200E010BE /* Model */,
				F7161CE62868F4A400E010BE /* LoginViewModel.swift */,
			);
			path = Login;
			sourceTree = "<group>";
		};
		F7161CE82868F63B00E010BE /* Application */ = {
			isa = PBXGroup;
			children = (
				F709A2EE28491ADE007949EB /* AppDelegate.swift */,
				F709A2F028491ADE007949EB /* SceneDelegate.swift */,
			);
			path = Application;
			sourceTree = "<group>";
		};
		F7161CE92868F70C00E010BE /* Resources */ = {
			isa = PBXGroup;
			children = (
				F709A2F728491AE1007949EB /* Assets.xcassets */,
				F709A2FC28491AE1007949EB /* Info.plist */,
				F7161CF32869127C00E010BE /* Constants.swift */,
			);
			path = Resources;
			sourceTree = "<group>";
		};
		F7161CEA2868FAB600E010BE /* Presentation */ = {
			isa = PBXGroup;
			children = (
				F7161CEB2868FACC00E010BE /* BaseViewModel.swift */,
			);
			path = Presentation;
			sourceTree = "<group>";
		};
		F7161CEF2868FBA500E010BE /* Extensions */ = {
			isa = PBXGroup;
			children = (
				F7161CB62868B8B800E010BE /* Extensions.swift */,
				F7161CF52869137D00E010BE /* EmailValidation.swift */,
				F7161CF72869167D00E010BE /* PasswordValidation.swift */,
			);
			path = Extensions;
			sourceTree = "<group>";
		};
		F7161CF02868FBD900E010BE /* Components */ = {
			isa = PBXGroup;
			children = (
				F7161CB82868BFD700E010BE /* AuthenticationButton.swift */,
				F7161CB42868A80300E010BE /* CustomTextField.swift */,
			);
			path = Components;
			sourceTree = "<group>";
		};
		F7161CF92869213200E010BE /* Model */ = {
			isa = PBXGroup;
			children = (
			);
			path = Model;
			sourceTree = "<group>";
		};
/* End PBXGroup section */

/* Begin PBXNativeTarget section */
		F709A2EA28491ADE007949EB /* instagram */ = {
			isa = PBXNativeTarget;
			buildConfigurationList = F709A31528491AE1007949EB /* Build configuration list for PBXNativeTarget "instagram" */;
			buildPhases = (
				F709A2E728491ADE007949EB /* Sources */,
				F709A2E828491ADE007949EB /* Frameworks */,
				F709A2E928491ADE007949EB /* Resources */,
			);
			buildRules = (
			);
			dependencies = (
			);
			name = instagram;
			packageProductDependencies = (
				F7161CE22868EFA900E010BE /* Alamofire */,
			);
			productName = instagram;
			productReference = F709A2EB28491ADE007949EB /* instagram.app */;
			productType = "com.apple.product-type.application";
		};
		F709A30028491AE1007949EB /* instagramTests */ = {
			isa = PBXNativeTarget;
			buildConfigurationList = F709A31828491AE1007949EB /* Build configuration list for PBXNativeTarget "instagramTests" */;
			buildPhases = (
				F709A2FD28491AE1007949EB /* Sources */,
				F709A2FE28491AE1007949EB /* Frameworks */,
				F709A2FF28491AE1007949EB /* Resources */,
			);
			buildRules = (
			);
			dependencies = (
				F709A30328491AE1007949EB /* PBXTargetDependency */,
			);
			name = instagramTests;
			productName = instagramTests;
			productReference = F709A30128491AE1007949EB /* instagramTests.xctest */;
			productType = "com.apple.product-type.bundle.unit-test";
		};
		F709A30A28491AE1007949EB /* instagramUITests */ = {
			isa = PBXNativeTarget;
			buildConfigurationList = F709A31B28491AE1007949EB /* Build configuration list for PBXNativeTarget "instagramUITests" */;
			buildPhases = (
				F709A30728491AE1007949EB /* Sources */,
				F709A30828491AE1007949EB /* Frameworks */,
				F709A30928491AE1007949EB /* Resources */,
			);
			buildRules = (
			);
			dependencies = (
				F709A30D28491AE1007949EB /* PBXTargetDependency */,
			);
			name = instagramUITests;
			productName = instagramUITests;
			productReference = F709A30B28491AE1007949EB /* instagramUITests.xctest */;
			productType = "com.apple.product-type.bundle.ui-testing";
		};
/* End PBXNativeTarget section */

/* Begin PBXProject section */
		F709A2E328491ADE007949EB /* Project object */ = {
			isa = PBXProject;
			attributes = {
				BuildIndependentTargetsInParallel = 1;
				LastSwiftUpdateCheck = 1330;
				LastUpgradeCheck = 1330;
				TargetAttributes = {
					F709A2EA28491ADE007949EB = {
						CreatedOnToolsVersion = 13.3;
					};
					F709A30028491AE1007949EB = {
						CreatedOnToolsVersion = 13.3;
						TestTargetID = F709A2EA28491ADE007949EB;
					};
					F709A30A28491AE1007949EB = {
						CreatedOnToolsVersion = 13.3;
						TestTargetID = F709A2EA28491ADE007949EB;
					};
				};
			};
			buildConfigurationList = F709A2E628491ADE007949EB /* Build configuration list for PBXProject "instagram" */;
			compatibilityVersion = "Xcode 13.0";
			developmentRegion = en;
			hasScannedForEncodings = 0;
			knownRegions = (
				en,
				Base,
			);
			mainGroup = F709A2E228491ADE007949EB;
			packageReferences = (
				F7161CE12868EFA900E010BE /* XCRemoteSwiftPackageReference "Alamofire" */,
			);
			productRefGroup = F709A2EC28491ADE007949EB /* Products */;
			projectDirPath = "";
			projectRoot = "";
			targets = (
				F709A2EA28491ADE007949EB /* instagram */,
				F709A30028491AE1007949EB /* instagramTests */,
				F709A30A28491AE1007949EB /* instagramUITests */,
			);
		};
/* End PBXProject section */

/* Begin PBXResourcesBuildPhase section */
		F709A2E928491ADE007949EB /* Resources */ = {
			isa = PBXResourcesBuildPhase;
			buildActionMask = 2147483647;
			files = (
				F709A2F828491AE1007949EB /* Assets.xcassets in Resources */,
			);
			runOnlyForDeploymentPostprocessing = 0;
		};
		F709A2FF28491AE1007949EB /* Resources */ = {
			isa = PBXResourcesBuildPhase;
			buildActionMask = 2147483647;
			files = (
			);
			runOnlyForDeploymentPostprocessing = 0;
		};
		F709A30928491AE1007949EB /* Resources */ = {
			isa = PBXResourcesBuildPhase;
			buildActionMask = 2147483647;
			files = (
			);
			runOnlyForDeploymentPostprocessing = 0;
		};
/* End PBXResourcesBuildPhase section */

/* Begin PBXSourcesBuildPhase section */
		F709A2E728491ADE007949EB /* Sources */ = {
			isa = PBXSourcesBuildPhase;
			buildActionMask = 2147483647;
			files = (
				F7161CB52868A80300E010BE /* CustomTextField.swift in Sources */,
				F7161CDB2868DFFC00E010BE /* UseCase.swift in Sources */,
				F76753F2284A8AD30040CB2C /* MainTabController.swift in Sources */,
				F7161CE02868EE1600E010BE /* Exception.swift in Sources */,
				F7161CDE2868ED8000E010BE /* Response.swift in Sources */,
				F7161CEE2868FB0300E010BE /* BaseViewController.swift in Sources */,
				F7161CB1286896FA00E010BE /* LoginController.swift in Sources */,
				F7161CF2286901E500E010BE /* DoNothingUseCase.swift in Sources */,
				F76344AF284E998000489697 /* FeedCell.swift in Sources */,
				F7C7F0A3284E710C0048A0BA /* ImageSelectorController.swift in Sources */,
				F7C7F0A5284E71280048A0BA /* NotificationController.swift in Sources */,
				F7C7F0A1284E70E00048A0BA /* SearchController.swift in Sources */,
				F7161CF42869127C00E010BE /* Constants.swift in Sources */,
				F7161CF62869137D00E010BE /* EmailValidation.swift in Sources */,
				F7C7F0A7284E71360048A0BA /* ProfileController.swift in Sources */,
				F7161CB72868B8B800E010BE /* Extensions.swift in Sources */,
				F7C7F09F284E70CF0048A0BA /* FeedController.swift in Sources */,
				F7161CF82869167D00E010BE /* PasswordValidation.swift in Sources */,
				F709A2EF28491ADE007949EB /* AppDelegate.swift in Sources */,
				F7161CEC2868FACC00E010BE /* BaseViewModel.swift in Sources */,
				F709A2F128491ADE007949EB /* SceneDelegate.swift in Sources */,
				F7161CB32868972400E010BE /* RegistrationController.swift in Sources */,
				F7161CE72868F4A400E010BE /* LoginViewModel.swift in Sources */,
				F7161CB92868BFD700E010BE /* AuthenticationButton.swift in Sources */,
			);
			runOnlyForDeploymentPostprocessing = 0;
		};
		F709A2FD28491AE1007949EB /* Sources */ = {
			isa = PBXSourcesBuildPhase;
			buildActionMask = 2147483647;
			files = (
				F709A30628491AE1007949EB /* instagramTests.swift in Sources */,
			);
			runOnlyForDeploymentPostprocessing = 0;
		};
		F709A30728491AE1007949EB /* Sources */ = {
			isa = PBXSourcesBuildPhase;
			buildActionMask = 2147483647;
			files = (
				F709A31028491AE1007949EB /* instagramUITests.swift in Sources */,
				F709A31228491AE1007949EB /* instagramUITestsLaunchTests.swift in Sources */,
			);
			runOnlyForDeploymentPostprocessing = 0;
		};
/* End PBXSourcesBuildPhase section */

/* Begin PBXTargetDependency section */
		F709A30328491AE1007949EB /* PBXTargetDependency */ = {
			isa = PBXTargetDependency;
			target = F709A2EA28491ADE007949EB /* instagram */;
			targetProxy = F709A30228491AE1007949EB /* PBXContainerItemProxy */;
		};
		F709A30D28491AE1007949EB /* PBXTargetDependency */ = {
			isa = PBXTargetDependency;
			target = F709A2EA28491ADE007949EB /* instagram */;
			targetProxy = F709A30C28491AE1007949EB /* PBXContainerItemProxy */;
		};
/* End PBXTargetDependency section */

/* Begin XCBuildConfiguration section */
		F709A31328491AE1007949EB /* Debug */ = {
			isa = XCBuildConfiguration;
			buildSettings = {
				ALWAYS_SEARCH_USER_PATHS = NO;
				CLANG_ANALYZER_NONNULL = YES;
				CLANG_ANALYZER_NUMBER_OBJECT_CONVERSION = YES_AGGRESSIVE;
				CLANG_CXX_LANGUAGE_STANDARD = "gnu++17";
				CLANG_ENABLE_MODULES = YES;
				CLANG_ENABLE_OBJC_ARC = YES;
				CLANG_ENABLE_OBJC_WEAK = YES;
				CLANG_WARN_BLOCK_CAPTURE_AUTORELEASING = YES;
				CLANG_WARN_BOOL_CONVERSION = YES;
				CLANG_WARN_COMMA = YES;
				CLANG_WARN_CONSTANT_CONVERSION = YES;
				CLANG_WARN_DEPRECATED_OBJC_IMPLEMENTATIONS = YES;
				CLANG_WARN_DIRECT_OBJC_ISA_USAGE = YES_ERROR;
				CLANG_WARN_DOCUMENTATION_COMMENTS = YES;
				CLANG_WARN_EMPTY_BODY = YES;
				CLANG_WARN_ENUM_CONVERSION = YES;
				CLANG_WARN_INFINITE_RECURSION = YES;
				CLANG_WARN_INT_CONVERSION = YES;
				CLANG_WARN_NON_LITERAL_NULL_CONVERSION = YES;
				CLANG_WARN_OBJC_IMPLICIT_RETAIN_SELF = YES;
				CLANG_WARN_OBJC_LITERAL_CONVERSION = YES;
				CLANG_WARN_OBJC_ROOT_CLASS = YES_ERROR;
				CLANG_WARN_QUOTED_INCLUDE_IN_FRAMEWORK_HEADER = YES;
				CLANG_WARN_RANGE_LOOP_ANALYSIS = YES;
				CLANG_WARN_STRICT_PROTOTYPES = YES;
				CLANG_WARN_SUSPICIOUS_MOVE = YES;
				CLANG_WARN_UNGUARDED_AVAILABILITY = YES_AGGRESSIVE;
				CLANG_WARN_UNREACHABLE_CODE = YES;
				CLANG_WARN__DUPLICATE_METHOD_MATCH = YES;
				COPY_PHASE_STRIP = NO;
				DEBUG_INFORMATION_FORMAT = dwarf;
				ENABLE_STRICT_OBJC_MSGSEND = YES;
				ENABLE_TESTABILITY = YES;
				GCC_C_LANGUAGE_STANDARD = gnu11;
				GCC_DYNAMIC_NO_PIC = NO;
				GCC_NO_COMMON_BLOCKS = YES;
				GCC_OPTIMIZATION_LEVEL = 0;
				GCC_PREPROCESSOR_DEFINITIONS = (
					"DEBUG=1",
					"$(inherited)",
				);
				GCC_WARN_64_TO_32_BIT_CONVERSION = YES;
				GCC_WARN_ABOUT_RETURN_TYPE = YES_ERROR;
				GCC_WARN_UNDECLARED_SELECTOR = YES;
				GCC_WARN_UNINITIALIZED_AUTOS = YES_AGGRESSIVE;
				GCC_WARN_UNUSED_FUNCTION = YES;
				GCC_WARN_UNUSED_VARIABLE = YES;
				IPHONEOS_DEPLOYMENT_TARGET = 15.4;
				MTL_ENABLE_DEBUG_INFO = INCLUDE_SOURCE;
				MTL_FAST_MATH = YES;
				ONLY_ACTIVE_ARCH = YES;
				SDKROOT = iphoneos;
				SWIFT_ACTIVE_COMPILATION_CONDITIONS = DEBUG;
				SWIFT_OPTIMIZATION_LEVEL = "-Onone";
			};
			name = Debug;
		};
		F709A31428491AE1007949EB /* Release */ = {
			isa = XCBuildConfiguration;
			buildSettings = {
				ALWAYS_SEARCH_USER_PATHS = NO;
				CLANG_ANALYZER_NONNULL = YES;
				CLANG_ANALYZER_NUMBER_OBJECT_CONVERSION = YES_AGGRESSIVE;
				CLANG_CXX_LANGUAGE_STANDARD = "gnu++17";
				CLANG_ENABLE_MODULES = YES;
				CLANG_ENABLE_OBJC_ARC = YES;
				CLANG_ENABLE_OBJC_WEAK = YES;
				CLANG_WARN_BLOCK_CAPTURE_AUTORELEASING = YES;
				CLANG_WARN_BOOL_CONVERSION = YES;
				CLANG_WARN_COMMA = YES;
				CLANG_WARN_CONSTANT_CONVERSION = YES;
				CLANG_WARN_DEPRECATED_OBJC_IMPLEMENTATIONS = YES;
				CLANG_WARN_DIRECT_OBJC_ISA_USAGE = YES_ERROR;
				CLANG_WARN_DOCUMENTATION_COMMENTS = YES;
				CLANG_WARN_EMPTY_BODY = YES;
				CLANG_WARN_ENUM_CONVERSION = YES;
				CLANG_WARN_INFINITE_RECURSION = YES;
				CLANG_WARN_INT_CONVERSION = YES;
				CLANG_WARN_NON_LITERAL_NULL_CONVERSION = YES;
				CLANG_WARN_OBJC_IMPLICIT_RETAIN_SELF = YES;
				CLANG_WARN_OBJC_LITERAL_CONVERSION = YES;
				CLANG_WARN_OBJC_ROOT_CLASS = YES_ERROR;
				CLANG_WARN_QUOTED_INCLUDE_IN_FRAMEWORK_HEADER = YES;
				CLANG_WARN_RANGE_LOOP_ANALYSIS = YES;
				CLANG_WARN_STRICT_PROTOTYPES = YES;
				CLANG_WARN_SUSPICIOUS_MOVE = YES;
				CLANG_WARN_UNGUARDED_AVAILABILITY = YES_AGGRESSIVE;
				CLANG_WARN_UNREACHABLE_CODE = YES;
				CLANG_WARN__DUPLICATE_METHOD_MATCH = YES;
				COPY_PHASE_STRIP = NO;
				DEBUG_INFORMATION_FORMAT = "dwarf-with-dsym";
				ENABLE_NS_ASSERTIONS = NO;
				ENABLE_STRICT_OBJC_MSGSEND = YES;
				GCC_C_LANGUAGE_STANDARD = gnu11;
				GCC_NO_COMMON_BLOCKS = YES;
				GCC_WARN_64_TO_32_BIT_CONVERSION = YES;
				GCC_WARN_ABOUT_RETURN_TYPE = YES_ERROR;
				GCC_WARN_UNDECLARED_SELECTOR = YES;
				GCC_WARN_UNINITIALIZED_AUTOS = YES_AGGRESSIVE;
				GCC_WARN_UNUSED_FUNCTION = YES;
				GCC_WARN_UNUSED_VARIABLE = YES;
				IPHONEOS_DEPLOYMENT_TARGET = 15.4;
				MTL_ENABLE_DEBUG_INFO = NO;
				MTL_FAST_MATH = YES;
				SDKROOT = iphoneos;
				SWIFT_COMPILATION_MODE = wholemodule;
				SWIFT_OPTIMIZATION_LEVEL = "-O";
				VALIDATE_PRODUCT = YES;
			};
			name = Release;
		};
		F709A31628491AE1007949EB /* Debug */ = {
			isa = XCBuildConfiguration;
			buildSettings = {
				ASSETCATALOG_COMPILER_APPICON_NAME = AppIcon;
				ASSETCATALOG_COMPILER_GLOBAL_ACCENT_COLOR_NAME = AccentColor;
				CODE_SIGN_STYLE = Automatic;
				CURRENT_PROJECT_VERSION = 1;
				DEVELOPMENT_TEAM = 2JYB63Z67A;
				GENERATE_INFOPLIST_FILE = YES;
				INFOPLIST_FILE = instagram/Resources/Info.plist;
				INFOPLIST_KEY_UIApplicationSupportsIndirectInputEvents = YES;
				INFOPLIST_KEY_UILaunchStoryboardName = LaunchScreen;
				INFOPLIST_KEY_UISupportedInterfaceOrientations_iPad = "UIInterfaceOrientationPortrait UIInterfaceOrientationPortraitUpsideDown UIInterfaceOrientationLandscapeLeft UIInterfaceOrientationLandscapeRight";
				INFOPLIST_KEY_UISupportedInterfaceOrientations_iPhone = "UIInterfaceOrientationPortrait UIInterfaceOrientationLandscapeLeft UIInterfaceOrientationLandscapeRight";
				LD_RUNPATH_SEARCH_PATHS = (
					"$(inherited)",
					"@executable_path/Frameworks",
				);
				MARKETING_VERSION = 1.0;
				PRODUCT_BUNDLE_IDENTIFIER = com.teewhy.instagram;
				PRODUCT_NAME = "$(TARGET_NAME)";
				SWIFT_EMIT_LOC_STRINGS = YES;
				SWIFT_VERSION = 5.0;
				TARGETED_DEVICE_FAMILY = "1,2";
			};
			name = Debug;
		};
		F709A31728491AE1007949EB /* Release */ = {
			isa = XCBuildConfiguration;
			buildSettings = {
				ASSETCATALOG_COMPILER_APPICON_NAME = AppIcon;
				ASSETCATALOG_COMPILER_GLOBAL_ACCENT_COLOR_NAME = AccentColor;
				CODE_SIGN_STYLE = Automatic;
				CURRENT_PROJECT_VERSION = 1;
				DEVELOPMENT_TEAM = 2JYB63Z67A;
				GENERATE_INFOPLIST_FILE = YES;
				INFOPLIST_FILE = instagram/Resources/Info.plist;
				INFOPLIST_KEY_UIApplicationSupportsIndirectInputEvents = YES;
				INFOPLIST_KEY_UILaunchStoryboardName = LaunchScreen;
				INFOPLIST_KEY_UISupportedInterfaceOrientations_iPad = "UIInterfaceOrientationPortrait UIInterfaceOrientationPortraitUpsideDown UIInterfaceOrientationLandscapeLeft UIInterfaceOrientationLandscapeRight";
				INFOPLIST_KEY_UISupportedInterfaceOrientations_iPhone = "UIInterfaceOrientationPortrait UIInterfaceOrientationLandscapeLeft UIInterfaceOrientationLandscapeRight";
				LD_RUNPATH_SEARCH_PATHS = (
					"$(inherited)",
					"@executable_path/Frameworks",
				);
				MARKETING_VERSION = 1.0;
				PRODUCT_BUNDLE_IDENTIFIER = com.teewhy.instagram;
				PRODUCT_NAME = "$(TARGET_NAME)";
				SWIFT_EMIT_LOC_STRINGS = YES;
				SWIFT_VERSION = 5.0;
				TARGETED_DEVICE_FAMILY = "1,2";
			};
			name = Release;
		};
		F709A31928491AE1007949EB /* Debug */ = {
			isa = XCBuildConfiguration;
			buildSettings = {
				ALWAYS_EMBED_SWIFT_STANDARD_LIBRARIES = YES;
				BUNDLE_LOADER = "$(TEST_HOST)";
				CODE_SIGN_STYLE = Automatic;
				CURRENT_PROJECT_VERSION = 1;
				DEVELOPMENT_TEAM = 2JYB63Z67A;
				GENERATE_INFOPLIST_FILE = YES;
				IPHONEOS_DEPLOYMENT_TARGET = 15.4;
				MARKETING_VERSION = 1.0;
				PRODUCT_BUNDLE_IDENTIFIER = com.teewhy.instagramTests;
				PRODUCT_NAME = "$(TARGET_NAME)";
				SWIFT_EMIT_LOC_STRINGS = NO;
				SWIFT_VERSION = 5.0;
				TARGETED_DEVICE_FAMILY = "1,2";
				TEST_HOST = "$(BUILT_PRODUCTS_DIR)/instagram.app/instagram";
			};
			name = Debug;
		};
		F709A31A28491AE1007949EB /* Release */ = {
			isa = XCBuildConfiguration;
			buildSettings = {
				ALWAYS_EMBED_SWIFT_STANDARD_LIBRARIES = YES;
				BUNDLE_LOADER = "$(TEST_HOST)";
				CODE_SIGN_STYLE = Automatic;
				CURRENT_PROJECT_VERSION = 1;
				DEVELOPMENT_TEAM = 2JYB63Z67A;
				GENERATE_INFOPLIST_FILE = YES;
				IPHONEOS_DEPLOYMENT_TARGET = 15.4;
				MARKETING_VERSION = 1.0;
				PRODUCT_BUNDLE_IDENTIFIER = com.teewhy.instagramTests;
				PRODUCT_NAME = "$(TARGET_NAME)";
				SWIFT_EMIT_LOC_STRINGS = NO;
				SWIFT_VERSION = 5.0;
				TARGETED_DEVICE_FAMILY = "1,2";
				TEST_HOST = "$(BUILT_PRODUCTS_DIR)/instagram.app/instagram";
			};
			name = Release;
		};
		F709A31C28491AE1007949EB /* Debug */ = {
			isa = XCBuildConfiguration;
			buildSettings = {
				ALWAYS_EMBED_SWIFT_STANDARD_LIBRARIES = YES;
				CODE_SIGN_STYLE = Automatic;
				CURRENT_PROJECT_VERSION = 1;
				DEVELOPMENT_TEAM = 2JYB63Z67A;
				GENERATE_INFOPLIST_FILE = YES;
				MARKETING_VERSION = 1.0;
				PRODUCT_BUNDLE_IDENTIFIER = com.teewhy.instagramUITests;
				PRODUCT_NAME = "$(TARGET_NAME)";
				SWIFT_EMIT_LOC_STRINGS = NO;
				SWIFT_VERSION = 5.0;
				TARGETED_DEVICE_FAMILY = "1,2";
				TEST_TARGET_NAME = instagram;
			};
			name = Debug;
		};
		F709A31D28491AE1007949EB /* Release */ = {
			isa = XCBuildConfiguration;
			buildSettings = {
				ALWAYS_EMBED_SWIFT_STANDARD_LIBRARIES = YES;
				CODE_SIGN_STYLE = Automatic;
				CURRENT_PROJECT_VERSION = 1;
				DEVELOPMENT_TEAM = 2JYB63Z67A;
				GENERATE_INFOPLIST_FILE = YES;
				MARKETING_VERSION = 1.0;
				PRODUCT_BUNDLE_IDENTIFIER = com.teewhy.instagramUITests;
				PRODUCT_NAME = "$(TARGET_NAME)";
				SWIFT_EMIT_LOC_STRINGS = NO;
				SWIFT_VERSION = 5.0;
				TARGETED_DEVICE_FAMILY = "1,2";
				TEST_TARGET_NAME = instagram;
			};
			name = Release;
		};
/* End XCBuildConfiguration section */

/* Begin XCConfigurationList section */
		F709A2E628491ADE007949EB /* Build configuration list for PBXProject "instagram" */ = {
			isa = XCConfigurationList;
			buildConfigurations = (
				F709A31328491AE1007949EB /* Debug */,
				F709A31428491AE1007949EB /* Release */,
			);
			defaultConfigurationIsVisible = 0;
			defaultConfigurationName = Release;
		};
		F709A31528491AE1007949EB /* Build configuration list for PBXNativeTarget "instagram" */ = {
			isa = XCConfigurationList;
			buildConfigurations = (
				F709A31628491AE1007949EB /* Debug */,
				F709A31728491AE1007949EB /* Release */,
			);
			defaultConfigurationIsVisible = 0;
			defaultConfigurationName = Release;
		};
		F709A31828491AE1007949EB /* Build configuration list for PBXNativeTarget "instagramTests" */ = {
			isa = XCConfigurationList;
			buildConfigurations = (
				F709A31928491AE1007949EB /* Debug */,
				F709A31A28491AE1007949EB /* Release */,
			);
			defaultConfigurationIsVisible = 0;
			defaultConfigurationName = Release;
		};
		F709A31B28491AE1007949EB /* Build configuration list for PBXNativeTarget "instagramUITests" */ = {
			isa = XCConfigurationList;
			buildConfigurations = (
				F709A31C28491AE1007949EB /* Debug */,
				F709A31D28491AE1007949EB /* Release */,
			);
			defaultConfigurationIsVisible = 0;
			defaultConfigurationName = Release;
		};
/* End XCConfigurationList section */

/* Begin XCRemoteSwiftPackageReference section */
		F7161CE12868EFA900E010BE /* XCRemoteSwiftPackageReference "Alamofire" */ = {
			isa = XCRemoteSwiftPackageReference;
			repositoryURL = "https://github.com/Alamofire/Alamofire.git";
			requirement = {
				kind = upToNextMajorVersion;
				minimumVersion = 5.0.0;
			};
		};
/* End XCRemoteSwiftPackageReference section */

/* Begin XCSwiftPackageProductDependency section */
		F7161CE22868EFA900E010BE /* Alamofire */ = {
			isa = XCSwiftPackageProductDependency;
			package = F7161CE12868EFA900E010BE /* XCRemoteSwiftPackageReference "Alamofire" */;
			productName = Alamofire;
		};
/* End XCSwiftPackageProductDependency section */
	};
	rootObject = F709A2E328491ADE007949EB /* Project object */;
}
